{
  "version": 4,
  "terraform_version": "1.9.8",
  "serial": 9,
  "lineage": "b41066d6-5edd-3c97-3fd4-f44543a564d5",
  "outputs": {},
  "resources": [
    {
      "mode": "managed",
      "type": "aws_s3_bucket",
      "name": "hackutdz-financi",
      "provider": "provider[\"registry.terraform.io/hashicorp/aws\"]",
      "instances": [
        {
          "schema_version": 0,
          "attributes": {
            "acceleration_status": "",
            "acl": null,
            "arn": "arn:aws:s3:::hackutdz-financi123",
            "bucket": "hackutdz-financi123",
            "bucket_domain_name": "hackutdz-financi123.s3.amazonaws.com",
            "bucket_prefix": "",
            "bucket_regional_domain_name": "hackutdz-financi123.s3.us-east-1.amazonaws.com",
            "cors_rule": [],
            "force_destroy": false,
            "grant": [
              {
                "id": "",
                "permissions": [
                  "READ"
                ],
                "type": "Group",
                "uri": "http://acs.amazonaws.com/groups/global/AllUsers"
              },
              {
                "id": "2484243d13815a0bc03ef4a7cf431979c8e50930d29080bc7f56533dec7b6347",
                "permissions": [
                  "FULL_CONTROL"
                ],
                "type": "CanonicalUser",
                "uri": ""
              }
            ],
            "hosted_zone_id": "Z3AQBSTGFYJSTF",
            "id": "hackutdz-financi123",
            "lifecycle_rule": [],
            "logging": [],
            "object_lock_configuration": [],
            "object_lock_enabled": false,
            "policy": "{\"Statement\":[{\"Action\":\"s3:ListBucket\",\"Condition\":{\"StringEquals\":{\"aws:SourceAccount\":\"011528289098\",\"aws:SourceArn\":\"arn%3Aaws%3Aamplify%3Aus-east-1%3A011528289098%3Aapps%2Fdihjqmdvjg820%2Fbranches%2Fstaging\",\"s3:prefix\":\"\"}},\"Effect\":\"Allow\",\"Principal\":{\"Service\":\"amplify.amazonaws.com\"},\"Resource\":\"arn:aws:s3:::hackutdz-financi123\",\"Sid\":\"AllowAmplifyToListPrefix_dihjqmdvjg820_staging_\"},{\"Action\":\"s3:GetObject\",\"Condition\":{\"StringEquals\":{\"aws:SourceAccount\":\"011528289098\",\"aws:SourceArn\":\"arn%3Aaws%3Aamplify%3Aus-east-1%3A011528289098%3Aapps%2Fdihjqmdvjg820%2Fbranches%2Fstaging\"}},\"Effect\":\"Allow\",\"Principal\":{\"Service\":\"amplify.amazonaws.com\"},\"Resource\":\"arn:aws:s3:::hackutdz-financi123/*\",\"Sid\":\"AllowAmplifyToReadPrefix_dihjqmdvjg820_staging_\"},{\"Action\":\"s3:*\",\"Condition\":{\"Bool\":{\"aws:SecureTransport\":\"false\"}},\"Effect\":\"Deny\",\"Principal\":\"*\",\"Resource\":\"arn:aws:s3:::hackutdz-financi123/*\"}],\"Version\":\"2008-10-17\"}",
            "region": "us-east-1",
            "replication_configuration": [],
            "request_payer": "BucketOwner",
            "server_side_encryption_configuration": [
              {
                "rule": [
                  {
                    "apply_server_side_encryption_by_default": [
                      {
                        "kms_master_key_id": "",
                        "sse_algorithm": "AES256"
                      }
                    ],
                    "bucket_key_enabled": false
                  }
                ]
              }
            ],
            "tags": {
              "Environment": "Dev",
              "Name": "New bucket"
            },
            "tags_all": {
              "Environment": "Dev",
              "Name": "New bucket"
            },
            "timeouts": null,
            "versioning": [
              {
                "enabled": false,
                "mfa_delete": false
              }
            ],
            "website": [
              {
                "error_document": "",
                "index_document": "index.html",
                "redirect_all_requests_to": "",
                "routing_rules": ""
              }
            ],
            "website_domain": "s3-website-us-east-1.amazonaws.com",
            "website_endpoint": "hackutdz-financi123.s3-website-us-east-1.amazonaws.com"
          },
          "sensitive_attributes": [],
          "private": "eyJlMmJmYjczMC1lY2FhLTExZTYtOGY4OC0zNDM2M2JjN2M0YzAiOnsiY3JlYXRlIjoxMjAwMDAwMDAwMDAwLCJkZWxldGUiOjM2MDAwMDAwMDAwMDAsInJlYWQiOjEyMDAwMDAwMDAwMDAsInVwZGF0ZSI6MTIwMDAwMDAwMDAwMH19"
        }
      ]
    },
    {
      "mode": "managed",
      "type": "aws_s3_bucket_acl",
      "name": "bucket-acl",
      "provider": "provider[\"registry.terraform.io/hashicorp/aws\"]",
      "instances": [
        {
          "schema_version": 0,
          "attributes": {
            "access_control_policy": [
              {
                "grant": [
                  {
                    "grantee": [
                      {
                        "display_name": "",
                        "email_address": "",
                        "id": "",
                        "type": "Group",
                        "uri": "http://acs.amazonaws.com/groups/global/AllUsers"
                      }
                    ],
                    "permission": "READ"
                  },
                  {
                    "grantee": [
                      {
                        "display_name": "realkhagendra",
                        "email_address": "",
                        "id": "2484243d13815a0bc03ef4a7cf431979c8e50930d29080bc7f56533dec7b6347",
                        "type": "CanonicalUser",
                        "uri": ""
                      }
                    ],
                    "permission": "FULL_CONTROL"
                  }
                ],
                "owner": [
                  {
                    "display_name": "realkhagendra",
                    "id": "2484243d13815a0bc03ef4a7cf431979c8e50930d29080bc7f56533dec7b6347"
                  }
                ]
              }
            ],
            "acl": "public-read",
            "bucket": "hackutdz-financi123",
            "expected_bucket_owner": "",
            "id": "hackutdz-financi123,public-read"
          },
          "sensitive_attributes": [],
          "private": "bnVsbA==",
          "dependencies": [
            "aws_s3_bucket.hackutdz-financi",
            "aws_s3_bucket_ownership_controls.bucket-ownership",
            "aws_s3_bucket_public_access_block.bucket-public-access"
          ]
        }
      ]
    },
    {
      "mode": "managed",
      "type": "aws_s3_bucket_ownership_controls",
      "name": "bucket-ownership",
      "provider": "provider[\"registry.terraform.io/hashicorp/aws\"]",
      "instances": [
        {
          "schema_version": 0,
          "attributes": {
            "bucket": "hackutdz-financi123",
            "id": "hackutdz-financi123",
            "rule": [
              {
                "object_ownership": "BucketOwnerPreferred"
              }
            ]
          },
          "sensitive_attributes": [],
          "private": "bnVsbA==",
          "dependencies": [
            "aws_s3_bucket.hackutdz-financi"
          ]
        }
      ]
    },
    {
      "mode": "managed",
      "type": "aws_s3_bucket_public_access_block",
      "name": "bucket-public-access",
      "provider": "provider[\"registry.terraform.io/hashicorp/aws\"]",
      "instances": [
        {
          "schema_version": 0,
          "attributes": {
            "block_public_acls": false,
            "block_public_policy": false,
            "bucket": "hackutdz-financi123",
            "id": "hackutdz-financi123",
            "ignore_public_acls": false,
            "restrict_public_buckets": false
          },
          "sensitive_attributes": [],
          "private": "bnVsbA==",
          "dependencies": [
            "aws_s3_bucket.hackutdz-financi"
          ]
        }
      ]
    },
    {
      "mode": "managed",
      "type": "aws_s3_bucket_website_configuration",
      "name": "react-confg",
      "provider": "provider[\"registry.terraform.io/hashicorp/aws\"]",
      "instances": [
        {
          "schema_version": 0,
          "attributes": {
            "bucket": "hackutdz-financi123",
            "error_document": [],
            "expected_bucket_owner": "",
            "id": "hackutdz-financi123",
            "index_document": [
              {
                "suffix": "index.html"
              }
            ],
            "redirect_all_requests_to": [],
            "routing_rule": [],
            "routing_rules": "",
            "website_domain": "s3-website-us-east-1.amazonaws.com",
            "website_endpoint": "hackutdz-financi123.s3-website-us-east-1.amazonaws.com"
          },
          "sensitive_attributes": [],
          "private": "bnVsbA==",
          "dependencies": [
            "aws_s3_bucket.hackutdz-financi"
          ]
        }
      ]
    }
  ],
  "check_results": null
}
